
Microsoft Visual Studio Solution File, Format Version 12.00
# Visual Studio Version 16
VisualStudioVersion = 16.0.29503.13
MinimumVisualStudioVersion = 10.0.40219.1
Project("{FAE04EC0-301F-11D3-BF4B-00C04F79EFBC}") = "Postgres", "Postgres\Postgres.csproj", "{E17E1425-8940-48CB-873F-B6844BE8481F}"
EndProject
Global
	GlobalSection(SolutionConfigurationPlatforms) = preSolution
		Debug|Any CPU = Debug|Any CPU
		Release|Any CPU = Release|Any CPU
	EndGlobalSection
	GlobalSection(ProjectConfigurationPlatforms) = postSolution
		{E17E1425-8940-48CB-873F-B6844BE8481F}.Debug|Any CPU.ActiveCfg = Debug|Any CPU
		{E17E1425-8940-48CB-873F-B6844BE8481F}.Debug|Any CPU.Build.0 = Debug|Any CPU
		{E17E1425-8940-48CB-873F-B6844BE8481F}.Release|Any CPU.ActiveCfg = Release|Any CPU
		{E17E1425-8940-48CB-873F-B6844BE8481F}.Release|Any CPU.Build.0 = Release|Any CPU
	EndGlobalSection
	GlobalSection(SolutionProperties) = preSolution
		HideSolutionNode = FALSE
	EndGlobalSection
	GlobalSection(ExtensibilityGlobals) = postSolution
		SolutionGuid = {C56D2011-268B-411E-833E-7D5EA4CB4A2E}
	EndGlobalSection
EndGlobal
